
Microsoft Visual Studio Solution File, Format Version 12.00
# Visual Studio Version 16
VisualStudioVersion = 16.0.28803.352
MinimumVisualStudioVersion = 15.0.26124.0
Project("{9A19103F-16F7-4668-BE54-9A1E7A4F7556}") = "aspnet-extensions-1691-repro", "aspnet-extensions-1691-repro.csproj", "{A99CEB50-427B-4AE7-99C8-D061F7250DBA}"
EndProject
Global
	GlobalSection(SolutionConfigurationPlatforms) = preSolution
		Debug|Any CPU = Debug|Any CPU
		Release|Any CPU = Release|Any CPU
	EndGlobalSection
	GlobalSection(ProjectConfigurationPlatforms) = postSolution
		{A99CEB50-427B-4AE7-99C8-D061F7250DBA}.Debug|Any CPU.ActiveCfg = Debug|Any CPU
		{A99CEB50-427B-4AE7-99C8-D061F7250DBA}.Debug|Any CPU.Build.0 = Debug|Any CPU
		{A99CEB50-427B-4AE7-99C8-D061F7250DBA}.Release|Any CPU.ActiveCfg = Release|Any CPU
		{A99CEB50-427B-4AE7-99C8-D061F7250DBA}.Release|Any CPU.Build.0 = Release|Any CPU
	EndGlobalSection
	GlobalSection(SolutionProperties) = preSolution
		HideSolutionNode = FALSE
	EndGlobalSection
	GlobalSection(ExtensibilityGlobals) = postSolution
		SolutionGuid = {B4898035-4354-4BEC-8E6F-223B88FCCEDA}
	EndGlobalSection
EndGlobal
